
Microsoft Visual Studio Solution File, Format Version 12.00
# Visual Studio Version 16
VisualStudioVersion = 16.0.31402.337
MinimumVisualStudioVersion = 10.0.40219.1
Project("{FAE04EC0-301F-11D3-BF4B-00C04F79EFBC}") = "CIS-566-HW3", "CIS-566-HW3.csproj", "{E2391A80-AA75-4A3C-9F48-7027E8B99742}"
EndProject
Global
	GlobalSection(SolutionConfigurationPlatforms) = preSolution
		Debug|Any CPU = Debug|Any CPU
		Release|Any CPU = Release|Any CPU
	EndGlobalSection
	GlobalSection(ProjectConfigurationPlatforms) = postSolution
		{E2391A80-AA75-4A3C-9F48-7027E8B99742}.Debug|Any CPU.ActiveCfg = Debug|Any CPU
		{E2391A80-AA75-4A3C-9F48-7027E8B99742}.Debug|Any CPU.Build.0 = Debug|Any CPU
		{E2391A80-AA75-4A3C-9F48-7027E8B99742}.Release|Any CPU.ActiveCfg = Release|Any CPU
		{E2391A80-AA75-4A3C-9F48-7027E8B99742}.Release|Any CPU.Build.0 = Release|Any CPU
	EndGlobalSection
	GlobalSection(SolutionProperties) = preSolution
		HideSolutionNode = FALSE
	EndGlobalSection
	GlobalSection(ExtensibilityGlobals) = postSolution
		SolutionGuid = {534009F1-718A-4BBA-9F1F-7C0826A3C007}
	EndGlobalSection
EndGlobal
